
Microsoft Visual Studio Solution File, Format Version 12.00
# Visual Studio 15
VisualStudioVersion = 15.0.28307.757
MinimumVisualStudioVersion = 10.0.40219.1
Project("{FAE04EC0-301F-11D3-BF4B-00C04F79EFBC}") = "TODSApp", "TODSApp\TODSApp.csproj", "{2DA394D1-4486-40AD-9E56-7BC1652E81CD}"
EndProject
Project("{FAE04EC0-301F-11D3-BF4B-00C04F79EFBC}") = "TODSLibreria", "TODSLibreria\TODSLibreria.csproj", "{1B796F4C-A7D3-488C-8C87-E111C4E7F494}"
EndProject
Project("{FAE04EC0-301F-11D3-BF4B-00C04F79EFBC}") = "TODSTest", "TODSTest\TODSTest.csproj", "{0C54EAA5-64D5-4FB0-9E22-FC78F9A38A37}"
EndProject
Global
	GlobalSection(SolutionConfigurationPlatforms) = preSolution
		Debug|Any CPU = Debug|Any CPU
		Release|Any CPU = Release|Any CPU
	EndGlobalSection
	GlobalSection(ProjectConfigurationPlatforms) = postSolution
		{2DA394D1-4486-40AD-9E56-7BC1652E81CD}.Debug|Any CPU.ActiveCfg = Debug|Any CPU
		{2DA394D1-4486-40AD-9E56-7BC1652E81CD}.Debug|Any CPU.Build.0 = Debug|Any CPU
		{2DA394D1-4486-40AD-9E56-7BC1652E81CD}.Release|Any CPU.ActiveCfg = Release|Any CPU
		{2DA394D1-4486-40AD-9E56-7BC1652E81CD}.Release|Any CPU.Build.0 = Release|Any CPU
		{1B796F4C-A7D3-488C-8C87-E111C4E7F494}.Debug|Any CPU.ActiveCfg = Debug|Any CPU
		{1B796F4C-A7D3-488C-8C87-E111C4E7F494}.Debug|Any CPU.Build.0 = Debug|Any CPU
		{1B796F4C-A7D3-488C-8C87-E111C4E7F494}.Release|Any CPU.ActiveCfg = Release|Any CPU
		{1B796F4C-A7D3-488C-8C87-E111C4E7F494}.Release|Any CPU.Build.0 = Release|Any CPU
		{0C54EAA5-64D5-4FB0-9E22-FC78F9A38A37}.Debug|Any CPU.ActiveCfg = Debug|Any CPU
		{0C54EAA5-64D5-4FB0-9E22-FC78F9A38A37}.Debug|Any CPU.Build.0 = Debug|Any CPU
		{0C54EAA5-64D5-4FB0-9E22-FC78F9A38A37}.Release|Any CPU.ActiveCfg = Release|Any CPU
		{0C54EAA5-64D5-4FB0-9E22-FC78F9A38A37}.Release|Any CPU.Build.0 = Release|Any CPU
	EndGlobalSection
	GlobalSection(SolutionProperties) = preSolution
		HideSolutionNode = FALSE
	EndGlobalSection
	GlobalSection(ExtensibilityGlobals) = postSolution
		SolutionGuid = {E94D28ED-7E0A-4476-86BF-B2757A52E2F1}
	EndGlobalSection
EndGlobal
